
Microsoft Visual Studio Solution File, Format Version 12.00
# Visual Studio Version 16
VisualStudioVersion = 16.0.31729.503
MinimumVisualStudioVersion = 10.0.40219.1
Project("{FAE04EC0-301F-11D3-BF4B-00C04F79EFBC}") = "FootbalApp", "FootbalApp\FootbalApp.csproj", "{463BC126-0408-48CB-A9B8-1EA4E4080081}"
EndProject
Global
	GlobalSection(SolutionConfigurationPlatforms) = preSolution
		Debug|Any CPU = Debug|Any CPU
		Release|Any CPU = Release|Any CPU
	EndGlobalSection
	GlobalSection(ProjectConfigurationPlatforms) = postSolution
		{463BC126-0408-48CB-A9B8-1EA4E4080081}.Debug|Any CPU.ActiveCfg = Debug|Any CPU
		{463BC126-0408-48CB-A9B8-1EA4E4080081}.Debug|Any CPU.Build.0 = Debug|Any CPU
		{463BC126-0408-48CB-A9B8-1EA4E4080081}.Release|Any CPU.ActiveCfg = Release|Any CPU
		{463BC126-0408-48CB-A9B8-1EA4E4080081}.Release|Any CPU.Build.0 = Release|Any CPU
	EndGlobalSection
	GlobalSection(SolutionProperties) = preSolution
		HideSolutionNode = FALSE
	EndGlobalSection
	GlobalSection(ExtensibilityGlobals) = postSolution
		SolutionGuid = {5EEC11C2-B917-43D1-9F37-DA10007274E8}
	EndGlobalSection
EndGlobal
