
Microsoft Visual Studio Solution File, Format Version 12.00
# Visual Studio Version 16
VisualStudioVersion = 16.0.31729.503
MinimumVisualStudioVersion = 10.0.40219.1
Project("{FAE04EC0-301F-11D3-BF4B-00C04F79EFBC}") = "Football Manager", "Football Manager\Football Manager.csproj", "{B2D1024A-9AAD-41EE-9941-7BB396796551}"
EndProject
Global
	GlobalSection(SolutionConfigurationPlatforms) = preSolution
		Debug|Any CPU = Debug|Any CPU
		Release|Any CPU = Release|Any CPU
	EndGlobalSection
	GlobalSection(ProjectConfigurationPlatforms) = postSolution
		{B2D1024A-9AAD-41EE-9941-7BB396796551}.Debug|Any CPU.ActiveCfg = Debug|Any CPU
		{B2D1024A-9AAD-41EE-9941-7BB396796551}.Debug|Any CPU.Build.0 = Debug|Any CPU
		{B2D1024A-9AAD-41EE-9941-7BB396796551}.Release|Any CPU.ActiveCfg = Release|Any CPU
		{B2D1024A-9AAD-41EE-9941-7BB396796551}.Release|Any CPU.Build.0 = Release|Any CPU
	EndGlobalSection
	GlobalSection(SolutionProperties) = preSolution
		HideSolutionNode = FALSE
	EndGlobalSection
	GlobalSection(ExtensibilityGlobals) = postSolution
		SolutionGuid = {22293DF4-550B-4BC2-9E44-5F5C4520968E}
	EndGlobalSection
EndGlobal
